
Microsoft Visual Studio Solution File, Format Version 12.00
# Visual Studio 14
VisualStudioVersion = 14.0.23107.0
MinimumVisualStudioVersion = 10.0.40219.1
Project("{FAE04EC0-301F-11D3-BF4B-00C04F79EFBC}") = "WebApp MVC", "WebApp MVC\WebApp MVC.csproj", "{519DE41A-DBE1-4B14-8862-B3851B648FB4}"
EndProject
Global
	GlobalSection(SolutionConfigurationPlatforms) = preSolution
		Debug|Any CPU = Debug|Any CPU
		Release|Any CPU = Release|Any CPU
	EndGlobalSection
	GlobalSection(ProjectConfigurationPlatforms) = postSolution
		{519DE41A-DBE1-4B14-8862-B3851B648FB4}.Debug|Any CPU.ActiveCfg = Debug|Any CPU
		{519DE41A-DBE1-4B14-8862-B3851B648FB4}.Debug|Any CPU.Build.0 = Debug|Any CPU
		{519DE41A-DBE1-4B14-8862-B3851B648FB4}.Release|Any CPU.ActiveCfg = Release|Any CPU
		{519DE41A-DBE1-4B14-8862-B3851B648FB4}.Release|Any CPU.Build.0 = Release|Any CPU
	EndGlobalSection
	GlobalSection(SolutionProperties) = preSolution
		HideSolutionNode = FALSE
	EndGlobalSection
EndGlobal
